{
    "_meta": {
        "hash": {
            "sha256": "5e0224272158e322ffbd2679a02126c2f7d582de7348550f4b1e3474a1b9b215"
        },
        "pipfile-spec": 6,
        "requires": {
            "python_version": "3.10"
        },
        "sources": [
            {
                "name": "pypi",
                "url": "https://pypi.org/simple",
                "verify_ssl": true
            }
        ]
    },
    "default": {
        "asgiref": {
            "hashes": [
                "sha256:71e68008da809b957b7ee4b43dbccff33d1b23519fb8344e33f049897077afac",
                "sha256:9567dfe7bd8d3c8c892227827c41cce860b368104c3431da67a0c5a65a949506"
            ],
            "markers": "python_version >= '3.7'",
            "version": "==3.6.0"
        },
        "django": {
            "hashes": [
                "sha256:ad33ed68db9398f5dfb33282704925bce044bef4261cd4fb59e4e7f9ae505a78",
                "sha256:c36e2ab12824e2ac36afa8b2515a70c53c7742f0d6eaefa7311ec379558db997"
            ],
            "index": "pypi",
            "version": "==4.2"
        },
        "django-browser-reload": {
            "hashes": [
                "sha256:054ef5ce8b80f46e0beda1a3c847becdff51272cad6f2bda607e201a7afe7425",
                "sha256:6db7e6c5807fff87e421b53926c50cfa3de0115e438f3c2de6103d3069557adb"
            ],
            "markers": "python_version >= '3.7'",
            "version": "==1.8.0"
        },
        "django-tailwind": {
            "hashes": [
                "sha256:c089b05b47d0e9d19567a81a74949fde16cbbfd8e4264c1f8eb4216a644065b2",
                "sha256:dcc3b29463fff48a0e8ccd15c87fd467f0e746a7987bde0fdde6253dbb7861be"
            ],
            "index": "pypi",
            "version": "==3.5.0"
        },
        "sqlparse": {
            "hashes": [
                "sha256:5430a4fe2ac7d0f93e66f1efc6e1338a41884b7ddf2a350cedd20ccc4d9d28f3",
                "sha256:d446183e84b8349fa3061f0fe7f06ca94ba65b426946ffebe6e3e8295332420c"
            ],
            "markers": "python_version >= '3.5'",
            "version": "==0.4.4"
        }
    },
    "develop": {}
}
